
Microsoft Visual Studio Solution File, Format Version 12.00
# Visual Studio Version 16
VisualStudioVersion = 16.0.31112.23
MinimumVisualStudioVersion = 10.0.40219.1
Project("{FAE04EC0-301F-11D3-BF4B-00C04F79EFBC}") = "yuki-qa-automation-frontend", "yuki-qa-automation-frontend\yuki-qa-automation-frontend.csproj", "{6655D0AE-16A9-478A-88C4-FE4F97A39B01}"
EndProject
Global
	GlobalSection(SolutionConfigurationPlatforms) = preSolution
		Debug|Any CPU = Debug|Any CPU
		Release|Any CPU = Release|Any CPU
	EndGlobalSection
	GlobalSection(ProjectConfigurationPlatforms) = postSolution
		{6655D0AE-16A9-478A-88C4-FE4F97A39B01}.Debug|Any CPU.ActiveCfg = Debug|Any CPU
		{6655D0AE-16A9-478A-88C4-FE4F97A39B01}.Debug|Any CPU.Build.0 = Debug|Any CPU
		{6655D0AE-16A9-478A-88C4-FE4F97A39B01}.Release|Any CPU.ActiveCfg = Release|Any CPU
		{6655D0AE-16A9-478A-88C4-FE4F97A39B01}.Release|Any CPU.Build.0 = Release|Any CPU
	EndGlobalSection
	GlobalSection(SolutionProperties) = preSolution
		HideSolutionNode = FALSE
	EndGlobalSection
	GlobalSection(ExtensibilityGlobals) = postSolution
		SolutionGuid = {6CF091D7-4A98-4B29-8875-EB3541E6434C}
	EndGlobalSection
EndGlobal
